{
  "name": "shared",
  "version": "1.0.0",
  "lockfileVersion": 1,
  "requires": true,
  "dependencies": {
    "@aws-cdk/assets": {
      "version": "1.62.0",
      "resolved": "https://registry.npmjs.org/@aws-cdk/assets/-/assets-1.62.0.tgz",
      "integrity": "sha512-fmoYSj2klwHOPK9SgSCfLrEUG7uvfi/ZHYNPdM5zxomlS1xrmzR1DPwI97gotri7fbdEWrzDdfu2/wd4oLHBIA==",
      "dev": true,
      "requires": {
        "@aws-cdk/core": "1.62.0",
        "@aws-cdk/cx-api": "1.62.0",
        "constructs": "^3.0.4"
      }
    },
    "@aws-cdk/aws-apigateway": {
      "version": "1.62.0",
      "resolved": "https://registry.npmjs.org/@aws-cdk/aws-apigateway/-/aws-apigateway-1.62.0.tgz",
      "integrity": "sha512-Nyo3lTZlllapCWfJJOfiengw7yUdNPZ1nWSy1pdnzuuqXPTcIisiLekiTaP+PKda5Ged1/x5Vc0dDXFPnCei1w==",
      "dev": true,
      "requires": {
        "@aws-cdk/assets": "1.62.0",
        "@aws-cdk/aws-certificatemanager": "1.62.0",
        "@aws-cdk/aws-ec2": "1.62.0",
        "@aws-cdk/aws-elasticloadbalancingv2": "1.62.0",
        "@aws-cdk/aws-iam": "1.62.0",
        "@aws-cdk/aws-lambda": "1.62.0",
        "@aws-cdk/aws-logs": "1.62.0",
        "@aws-cdk/aws-s3": "1.62.0",
        "@aws-cdk/aws-s3-assets": "1.62.0",
        "@aws-cdk/core": "1.62.0",
        "@aws-cdk/cx-api": "1.62.0",
        "constructs": "^3.0.4"
      }
    },
    "@aws-cdk/aws-applicationautoscaling": {
      "version": "1.62.0",
      "resolved": "https://registry.npmjs.org/@aws-cdk/aws-applicationautoscaling/-/aws-applicationautoscaling-1.62.0.tgz",
      "integrity": "sha512-ZMPEujyN2jhbGCr84RvTDXhFWX8safD1PLhRn0XpZ/WDYpZXP8HXsvnHQ/Xh8QBirlE1gY/5OMU+uJFpo0o0HA==",
      "dev": true,
      "requires": {
        "@aws-cdk/aws-autoscaling-common": "1.62.0",
        "@aws-cdk/aws-cloudwatch": "1.62.0",
        "@aws-cdk/aws-iam": "1.62.0",
        "@aws-cdk/core": "1.62.0",
        "constructs": "^3.0.4"
      }
    },
    "@aws-cdk/aws-autoscaling": {
      "version": "1.62.0",
      "resolved": "https://registry.npmjs.org/@aws-cdk/aws-autoscaling/-/aws-autoscaling-1.62.0.tgz",
      "integrity": "sha512-rGYy4xLg0GzKMRnExsIDmBhDXSt7+rYIh3fj+nfwGs6hhV3PKRazH8gDnoJUvVV63h6usLPbNTmWDOkAgIUzDA==",
      "dev": true,
      "requires": {
        "@aws-cdk/aws-autoscaling-common": "1.62.0",
        "@aws-cdk/aws-cloudwatch": "1.62.0",
        "@aws-cdk/aws-ec2": "1.62.0",
        "@aws-cdk/aws-elasticloadbalancing": "1.62.0",
        "@aws-cdk/aws-elasticloadbalancingv2": "1.62.0",
        "@aws-cdk/aws-iam": "1.62.0",
        "@aws-cdk/aws-sns": "1.62.0",
        "@aws-cdk/core": "1.62.0",
        "constructs": "^3.0.4"
      }
    },
    "@aws-cdk/aws-autoscaling-common": {
      "version": "1.62.0",
      "resolved": "https://registry.npmjs.org/@aws-cdk/aws-autoscaling-common/-/aws-autoscaling-common-1.62.0.tgz",
      "integrity": "sha512-m2E8bSnwBo2dE6NUowt90jB4zmeDHAxWB3y2RRAg4dWx1GhMGHWG1hfr99FrDldRCDd8Ib1++QkT/TQRC35TqQ==",
      "dev": true,
      "requires": {
        "@aws-cdk/aws-iam": "1.62.0",
        "@aws-cdk/core": "1.62.0",
        "constructs": "^3.0.4"
      }
    },
    "@aws-cdk/aws-autoscaling-hooktargets": {
      "version": "1.62.0",
      "resolved": "https://registry.npmjs.org/@aws-cdk/aws-autoscaling-hooktargets/-/aws-autoscaling-hooktargets-1.62.0.tgz",
      "integrity": "sha512-fJuCbsA/b8Ni2jOCdhAy7nZpK+GgGVwK8RkgDHSc1B4YC+AbGYkZ5q9tFhREAHJ2qj0nuEckcnWsuAZc5X+xZQ==",
      "dev": true,
      "requires": {
        "@aws-cdk/aws-autoscaling": "1.62.0",
        "@aws-cdk/aws-iam": "1.62.0",
        "@aws-cdk/aws-kms": "1.62.0",
        "@aws-cdk/aws-lambda": "1.62.0",
        "@aws-cdk/aws-sns": "1.62.0",
        "@aws-cdk/aws-sns-subscriptions": "1.62.0",
        "@aws-cdk/aws-sqs": "1.62.0",
        "@aws-cdk/core": "1.62.0",
        "constructs": "^3.0.4"
      }
    },
    "@aws-cdk/aws-batch": {
      "version": "1.62.0",
      "resolved": "https://registry.npmjs.org/@aws-cdk/aws-batch/-/aws-batch-1.62.0.tgz",
      "integrity": "sha512-n4qtLpOwGUnjJSLtCg2Opa/L1onngwqDVaLcaRxy9rXqu3dByuJG1bDYtCa9fwjwq8MsLZs/nwQDb5BSZ/YpMw==",
      "dev": true,
      "requires": {
        "@aws-cdk/aws-ec2": "1.62.0",
        "@aws-cdk/aws-ecr": "1.62.0",
        "@aws-cdk/aws-ecs": "1.62.0",
        "@aws-cdk/aws-iam": "1.62.0",
        "@aws-cdk/core": "1.62.0",
        "constructs": "^3.0.4"
      }
    },
    "@aws-cdk/aws-certificatemanager": {
      "version": "1.62.0",
      "resolved": "https://registry.npmjs.org/@aws-cdk/aws-certificatemanager/-/aws-certificatemanager-1.62.0.tgz",
      "integrity": "sha512-hbEMdf+GN0TW2j7x/moxjkfYlZalcGQ02Hlseglnx/e2DlNsx9DNsUzAejlPaTfG9eIZRqcKzpgamuf4N2FmoA==",
      "dev": true,
      "requires": {
        "@aws-cdk/aws-iam": "1.62.0",
        "@aws-cdk/aws-lambda": "1.62.0",
        "@aws-cdk/aws-route53": "1.62.0",
        "@aws-cdk/core": "1.62.0",
        "constructs": "^3.0.4"
      }
    },
    "@aws-cdk/aws-cloudformation": {
      "version": "1.62.0",
      "resolved": "https://registry.npmjs.org/@aws-cdk/aws-cloudformation/-/aws-cloudformation-1.62.0.tgz",
      "integrity": "sha512-qJawcXG9tMNsZlIO9Sm+6N0jn81kipJaGA436fHFI35UpViftgmVKba0XNT9INik80iVCUA7cdLlOv9+Azw2KQ==",
      "dev": true,
      "requires": {
        "@aws-cdk/aws-iam": "1.62.0",
        "@aws-cdk/aws-lambda": "1.62.0",
        "@aws-cdk/aws-s3": "1.62.0",
        "@aws-cdk/aws-sns": "1.62.0",
        "@aws-cdk/core": "1.62.0",
        "@aws-cdk/cx-api": "1.62.0",
        "constructs": "^3.0.4"
      }
    },
    "@aws-cdk/aws-cloudfront": {
      "version": "1.62.0",
      "resolved": "https://registry.npmjs.org/@aws-cdk/aws-cloudfront/-/aws-cloudfront-1.62.0.tgz",
      "integrity": "sha512-6Jttceb0KsJv9g1qL0P5sTc/zJYnEq1dgEbIkZvQjZwajt+penT/DxT0lV0XFz0BJ0U1qcTmjuNnJAQ0QZXQew==",
      "dev": true,
      "requires": {
        "@aws-cdk/aws-certificatemanager": "1.62.0",
        "@aws-cdk/aws-iam": "1.62.0",
        "@aws-cdk/aws-kms": "1.62.0",
        "@aws-cdk/aws-lambda": "1.62.0",
        "@aws-cdk/aws-s3": "1.62.0",
        "@aws-cdk/core": "1.62.0",
        "constructs": "^3.0.4"
      }
    },
    "@aws-cdk/aws-cloudwatch": {
      "version": "1.62.0",
      "resolved": "https://registry.npmjs.org/@aws-cdk/aws-cloudwatch/-/aws-cloudwatch-1.62.0.tgz",
      "integrity": "sha512-WPbYY/WhW/qTQ92vtxIZcbjh8lsrWg8gWilh1JmvwHJmGEcQRFH6T+w9q8DEeeVRknZM0ziXy1/yBpW+FGRGZQ==",
      "dev": true,
      "requires": {
        "@aws-cdk/aws-iam": "1.62.0",
        "@aws-cdk/core": "1.62.0",
        "constructs": "^3.0.4"
      }
    },
    "@aws-cdk/aws-codebuild": {
      "version": "1.62.0",
      "resolved": "https://registry.npmjs.org/@aws-cdk/aws-codebuild/-/aws-codebuild-1.62.0.tgz",
      "integrity": "sha512-KM5Nr15C8F2LQ1+t4Aw3mF44Nu9W8DB8a9H5bjiq28geUjD3YmwCdgOXcDcbxveChsTjwyLvnXCaQcQGZooGWg==",
      "dev": true,
      "requires": {
        "@aws-cdk/assets": "1.62.0",
        "@aws-cdk/aws-cloudwatch": "1.62.0",
        "@aws-cdk/aws-codecommit": "1.62.0",
        "@aws-cdk/aws-ec2": "1.62.0",
        "@aws-cdk/aws-ecr": "1.62.0",
        "@aws-cdk/aws-ecr-assets": "1.62.0",
        "@aws-cdk/aws-events": "1.62.0",
        "@aws-cdk/aws-iam": "1.62.0",
        "@aws-cdk/aws-kms": "1.62.0",
        "@aws-cdk/aws-s3": "1.62.0",
        "@aws-cdk/aws-s3-assets": "1.62.0",
        "@aws-cdk/aws-secretsmanager": "1.62.0",
        "@aws-cdk/core": "1.62.0",
        "@aws-cdk/region-info": "1.62.0",
        "constructs": "^3.0.4"
      }
    },
    "@aws-cdk/aws-codecommit": {
      "version": "1.62.0",
      "resolved": "https://registry.npmjs.org/@aws-cdk/aws-codecommit/-/aws-codecommit-1.62.0.tgz",
      "integrity": "sha512-wGV2bijP8T+oqbSiyhgDe0gI5tQmmZUllmmqsDSAs6vQygncNpOf/fJ1GPWxONF1xrXTZLIWScGtzPTj9h2Wow==",
      "dev": true,
      "requires": {
        "@aws-cdk/aws-events": "1.62.0",
        "@aws-cdk/aws-iam": "1.62.0",
        "@aws-cdk/core": "1.62.0",
        "constructs": "^3.0.4"
      }
    },
    "@aws-cdk/aws-codedeploy": {
      "version": "1.62.0",
      "resolved": "https://registry.npmjs.org/@aws-cdk/aws-codedeploy/-/aws-codedeploy-1.62.0.tgz",
      "integrity": "sha512-LKUgTeNNUW2uc+DIZ07O8fUJcoENi0pI1eOk4k3YSPrWxSEx9Ux4KbpXFC6iTXVk4YGQATHsEMW+FOEH9I2Tcg==",
      "dev": true,
      "requires": {
        "@aws-cdk/aws-autoscaling": "1.62.0",
        "@aws-cdk/aws-cloudwatch": "1.62.0",
        "@aws-cdk/aws-ec2": "1.62.0",
        "@aws-cdk/aws-elasticloadbalancing": "1.62.0",
        "@aws-cdk/aws-elasticloadbalancingv2": "1.62.0",
        "@aws-cdk/aws-iam": "1.62.0",
        "@aws-cdk/aws-lambda": "1.62.0",
        "@aws-cdk/aws-s3": "1.62.0",
        "@aws-cdk/core": "1.62.0",
        "constructs": "^3.0.4"
      }
    },
    "@aws-cdk/aws-codeguruprofiler": {
      "version": "1.62.0",
      "resolved": "https://registry.npmjs.org/@aws-cdk/aws-codeguruprofiler/-/aws-codeguruprofiler-1.62.0.tgz",
      "integrity": "sha512-uqYgn/88wcTgzULEBrLru68vM1zsESwPojmQTVa+Q6zlBO4drgpQ0orrHkrzICLGq0N41NP3zJ3pz8PoJjKJPw==",
      "dev": true,
      "requires": {
        "@aws-cdk/aws-iam": "1.62.0",
        "@aws-cdk/core": "1.62.0"
      }
    },
    "@aws-cdk/aws-codepipeline": {
      "version": "1.62.0",
      "resolved": "https://registry.npmjs.org/@aws-cdk/aws-codepipeline/-/aws-codepipeline-1.62.0.tgz",
      "integrity": "sha512-1Ib2fcBwzCeqSVP9Qg+h4XqkhEiOT86vmw5n+slkkaswS87UOkRv+MsUYFIJjvQMEP0WTA7Ce6LqEQWLnzpPWA==",
      "dev": true,
      "requires": {
        "@aws-cdk/aws-events": "1.62.0",
        "@aws-cdk/aws-iam": "1.62.0",
        "@aws-cdk/aws-kms": "1.62.0",
        "@aws-cdk/aws-s3": "1.62.0",
        "@aws-cdk/core": "1.62.0",
        "constructs": "^3.0.4"
      }
    },
    "@aws-cdk/aws-codepipeline-actions": {
      "version": "1.62.0",
      "resolved": "https://registry.npmjs.org/@aws-cdk/aws-codepipeline-actions/-/aws-codepipeline-actions-1.62.0.tgz",
      "integrity": "sha512-9hUYo5yYAVeqpb3Dw9NjrvJeJTouIbfVxENgHC8X6mzcQU0tW3A4H1Ks6JSEnB2d6rl5FAdqJFRqJGWa0bWFrg==",
      "dev": true,
      "requires": {
        "@aws-cdk/aws-cloudformation": "1.62.0",
        "@aws-cdk/aws-codebuild": "1.62.0",
        "@aws-cdk/aws-codecommit": "1.62.0",
        "@aws-cdk/aws-codedeploy": "1.62.0",
        "@aws-cdk/aws-codepipeline": "1.62.0",
        "@aws-cdk/aws-ec2": "1.62.0",
        "@aws-cdk/aws-ecr": "1.62.0",
        "@aws-cdk/aws-ecs": "1.62.0",
        "@aws-cdk/aws-events": "1.62.0",
        "@aws-cdk/aws-events-targets": "1.62.0",
        "@aws-cdk/aws-iam": "1.62.0",
        "@aws-cdk/aws-lambda": "1.62.0",
        "@aws-cdk/aws-s3": "1.62.0",
        "@aws-cdk/aws-servicecatalog": "1.62.0",
        "@aws-cdk/aws-sns": "1.62.0",
        "@aws-cdk/aws-sns-subscriptions": "1.62.0",
        "@aws-cdk/aws-stepfunctions": "1.62.0",
        "@aws-cdk/core": "1.62.0",
        "case": "1.6.3",
        "constructs": "^3.0.4"
      },
      "dependencies": {
        "case": {
          "version": "1.6.3",
          "bundled": true,
          "dev": true
        }
      }
    },
    "@aws-cdk/aws-cognito": {
      "version": "1.62.0",
      "resolved": "https://registry.npmjs.org/@aws-cdk/aws-cognito/-/aws-cognito-1.62.0.tgz",
      "integrity": "sha512-ssRRgMcg84UqKX0QeFZi/a2iBfXnYDYvBBNr/onbh9INRqjYBcL0bJUGkGq7/U3Fgfw3/thCuvrUnco0fnMD8w==",
      "dev": true,
      "requires": {
        "@aws-cdk/aws-certificatemanager": "1.62.0",
        "@aws-cdk/aws-iam": "1.62.0",
        "@aws-cdk/aws-lambda": "1.62.0",
        "@aws-cdk/core": "1.62.0",
        "@aws-cdk/custom-resources": "1.62.0",
        "constructs": "^3.0.4"
      }
    },
    "@aws-cdk/aws-ec2": {
      "version": "1.62.0",
      "resolved": "https://registry.npmjs.org/@aws-cdk/aws-ec2/-/aws-ec2-1.62.0.tgz",
      "integrity": "sha512-dvuvakcld6ksvOeOcMdDsPsI45HbGaXmL5h4CF8HZ0wfTtlY4zot9mHB0mEfzEEeyMaLI6+2gm5raefVser1Sg==",
      "dev": true,
      "requires": {
        "@aws-cdk/aws-cloudwatch": "1.62.0",
        "@aws-cdk/aws-iam": "1.62.0",
        "@aws-cdk/aws-kms": "1.62.0",
        "@aws-cdk/aws-logs": "1.62.0",
        "@aws-cdk/aws-s3": "1.62.0",
        "@aws-cdk/aws-s3-assets": "1.62.0",
        "@aws-cdk/aws-ssm": "1.62.0",
        "@aws-cdk/cloud-assembly-schema": "1.62.0",
        "@aws-cdk/core": "1.62.0",
        "@aws-cdk/cx-api": "1.62.0",
        "@aws-cdk/region-info": "1.62.0",
        "constructs": "^3.0.4"
      }
    },
    "@aws-cdk/aws-ecr": {
      "version": "1.62.0",
      "resolved": "https://registry.npmjs.org/@aws-cdk/aws-ecr/-/aws-ecr-1.62.0.tgz",
      "integrity": "sha512-H15V76oIhNT52dFA07dKNinVJ6o4Nw/Y2yNupTz+FDbZt44Ml90+8bPPGvATUO/4K2r28DnAEVczXtRttZao7w==",
      "dev": true,
      "requires": {
        "@aws-cdk/aws-events": "1.62.0",
        "@aws-cdk/aws-iam": "1.62.0",
        "@aws-cdk/core": "1.62.0",
        "@aws-cdk/custom-resources": "1.62.0",
        "constructs": "^3.0.4"
      }
    },
    "@aws-cdk/aws-ecr-assets": {
      "version": "1.62.0",
      "resolved": "https://registry.npmjs.org/@aws-cdk/aws-ecr-assets/-/aws-ecr-assets-1.62.0.tgz",
      "integrity": "sha512-NNFDvd94D1sA2DsEYeZSgetD3HCfpX3FqmWTrJG3sHMjwbEx5csg2CID0t3CugYfCV92GskHMXzeTk8ufgVM+g==",
      "dev": true,
      "requires": {
        "@aws-cdk/assets": "1.62.0",
        "@aws-cdk/aws-ecr": "1.62.0",
        "@aws-cdk/aws-iam": "1.62.0",
        "@aws-cdk/aws-lambda": "1.62.0",
        "@aws-cdk/aws-s3": "1.62.0",
        "@aws-cdk/core": "1.62.0",
        "@aws-cdk/cx-api": "1.62.0",
        "constructs": "^3.0.4",
        "minimatch": "^3.0.4"
      },
      "dependencies": {
        "balanced-match": {
          "version": "1.0.0",
          "bundled": true,
          "dev": true
        },
        "brace-expansion": {
          "version": "1.1.11",
          "bundled": true,
          "dev": true,
          "requires": {
            "balanced-match": "^1.0.0",
            "concat-map": "0.0.1"
          }
        },
        "concat-map": {
          "version": "0.0.1",
          "bundled": true,
          "dev": true
        },
        "minimatch": {
          "version": "3.0.4",
          "bundled": true,
          "dev": true,
          "requires": {
            "brace-expansion": "^1.1.7"
          }
        }
      }
    },
    "@aws-cdk/aws-ecs": {
      "version": "1.62.0",
      "resolved": "https://registry.npmjs.org/@aws-cdk/aws-ecs/-/aws-ecs-1.62.0.tgz",
      "integrity": "sha512-MNSY6JAyIlDxjiqwWnklc7Bo9nfAMX6Xj1Zn6IDUJN3zfQejyy5IJNy/zi/XKuYGoYDZSPS1lYKfVT0gPjySqA==",
      "dev": true,
      "requires": {
        "@aws-cdk/aws-applicationautoscaling": "1.62.0",
        "@aws-cdk/aws-autoscaling": "1.62.0",
        "@aws-cdk/aws-autoscaling-hooktargets": "1.62.0",
        "@aws-cdk/aws-certificatemanager": "1.62.0",
        "@aws-cdk/aws-cloudwatch": "1.62.0",
        "@aws-cdk/aws-ec2": "1.62.0",
        "@aws-cdk/aws-ecr": "1.62.0",
        "@aws-cdk/aws-ecr-assets": "1.62.0",
        "@aws-cdk/aws-elasticloadbalancing": "1.62.0",
        "@aws-cdk/aws-elasticloadbalancingv2": "1.62.0",
        "@aws-cdk/aws-iam": "1.62.0",
        "@aws-cdk/aws-kms": "1.62.0",
        "@aws-cdk/aws-lambda": "1.62.0",
        "@aws-cdk/aws-logs": "1.62.0",
        "@aws-cdk/aws-route53": "1.62.0",
        "@aws-cdk/aws-route53-targets": "1.62.0",
        "@aws-cdk/aws-secretsmanager": "1.62.0",
        "@aws-cdk/aws-servicediscovery": "1.62.0",
        "@aws-cdk/aws-sns": "1.62.0",
        "@aws-cdk/aws-sqs": "1.62.0",
        "@aws-cdk/aws-ssm": "1.62.0",
        "@aws-cdk/core": "1.62.0",
        "@aws-cdk/cx-api": "1.62.0",
        "constructs": "^3.0.4"
      }
    },
    "@aws-cdk/aws-efs": {
      "version": "1.62.0",
      "resolved": "https://registry.npmjs.org/@aws-cdk/aws-efs/-/aws-efs-1.62.0.tgz",
      "integrity": "sha512-ifF71MfhP07+8LAkZrr0+N1DOIiZkDgovC/2H6W9LwiPhzWNS5cVTwGlRe86b+8siqdPK6e3XJOB8x9scLryog==",
      "dev": true,
      "requires": {
        "@aws-cdk/aws-ec2": "1.62.0",
        "@aws-cdk/aws-kms": "1.62.0",
        "@aws-cdk/cloud-assembly-schema": "1.62.0",
        "@aws-cdk/core": "1.62.0",
        "@aws-cdk/cx-api": "1.62.0",
        "constructs": "^3.0.4"
      }
    },
    "@aws-cdk/aws-elasticloadbalancing": {
      "version": "1.62.0",
      "resolved": "https://registry.npmjs.org/@aws-cdk/aws-elasticloadbalancing/-/aws-elasticloadbalancing-1.62.0.tgz",
      "integrity": "sha512-ew2V+rTwp60EwD4ghvcSSAzuebvsYlrQymCU0xtMdOZS9x1XVi7ixFsiQdXjzNc4d3BtlHcaaWDdtTcAK6zxlQ==",
      "dev": true,
      "requires": {
        "@aws-cdk/aws-ec2": "1.62.0",
        "@aws-cdk/core": "1.62.0",
        "constructs": "^3.0.4"
      }
    },
    "@aws-cdk/aws-elasticloadbalancingv2": {
      "version": "1.62.0",
      "resolved": "https://registry.npmjs.org/@aws-cdk/aws-elasticloadbalancingv2/-/aws-elasticloadbalancingv2-1.62.0.tgz",
      "integrity": "sha512-SyN3iY/pR1ShdMAwy0QNmS/D4UvwjSIS28BEGaF7IVbEwJe0j9AjRg/bZEacEbXgf0aSYMqrGvucnxZxy7bkgw==",
      "dev": true,
      "requires": {
        "@aws-cdk/aws-certificatemanager": "1.62.0",
        "@aws-cdk/aws-cloudwatch": "1.62.0",
        "@aws-cdk/aws-ec2": "1.62.0",
        "@aws-cdk/aws-iam": "1.62.0",
        "@aws-cdk/aws-lambda": "1.62.0",
        "@aws-cdk/aws-s3": "1.62.0",
        "@aws-cdk/core": "1.62.0",
        "@aws-cdk/region-info": "1.62.0",
        "constructs": "^3.0.4"
      }
    },
    "@aws-cdk/aws-events": {
      "version": "1.62.0",
      "resolved": "https://registry.npmjs.org/@aws-cdk/aws-events/-/aws-events-1.62.0.tgz",
      "integrity": "sha512-Q6dS9EoaG8GoABMNpAtTms9hayAArpHsEdpf1S5o6eo6EHjF+/vBVVcRrHXlQoVNc6iInutSJ4Jy7W1/AXBnkA==",
      "dev": true,
      "requires": {
        "@aws-cdk/aws-iam": "1.62.0",
        "@aws-cdk/core": "1.62.0",
        "constructs": "^3.0.4"
      }
    },
    "@aws-cdk/aws-events-targets": {
      "version": "1.62.0",
      "resolved": "https://registry.npmjs.org/@aws-cdk/aws-events-targets/-/aws-events-targets-1.62.0.tgz",
      "integrity": "sha512-xMycl//Z2mbLSNJtdOp+SHW9sB211zma3gNy0eiVNbBMrNw546721vrODEgoSykJLx74JH+Jtu7wLgn1f81xJg==",
      "dev": true,
      "requires": {
        "@aws-cdk/aws-batch": "1.62.0",
        "@aws-cdk/aws-codebuild": "1.62.0",
        "@aws-cdk/aws-codepipeline": "1.62.0",
        "@aws-cdk/aws-ec2": "1.62.0",
        "@aws-cdk/aws-ecs": "1.62.0",
        "@aws-cdk/aws-events": "1.62.0",
        "@aws-cdk/aws-iam": "1.62.0",
        "@aws-cdk/aws-kinesis": "1.62.0",
        "@aws-cdk/aws-lambda": "1.62.0",
        "@aws-cdk/aws-sns": "1.62.0",
        "@aws-cdk/aws-sns-subscriptions": "1.62.0",
        "@aws-cdk/aws-sqs": "1.62.0",
        "@aws-cdk/aws-stepfunctions": "1.62.0",
        "@aws-cdk/core": "1.62.0",
        "constructs": "^3.0.4"
      }
    },
    "@aws-cdk/aws-iam": {
      "version": "1.62.0",
      "resolved": "https://registry.npmjs.org/@aws-cdk/aws-iam/-/aws-iam-1.62.0.tgz",
      "integrity": "sha512-VsCy7MVsv0hqqJYOKYZp7mgiQK9YAfc9zpF2HwgHf70blH3wK2hUnmTXu6eBjIklKcFakkWQOGvb3+kAapb/mA==",
      "dev": true,
      "requires": {
        "@aws-cdk/core": "1.62.0",
        "@aws-cdk/region-info": "1.62.0",
        "constructs": "^3.0.4"
      }
    },
    "@aws-cdk/aws-kinesis": {
      "version": "1.62.0",
      "resolved": "https://registry.npmjs.org/@aws-cdk/aws-kinesis/-/aws-kinesis-1.62.0.tgz",
      "integrity": "sha512-aaiklSrkWKffL3wVz5VrppYog2GllCWsySE181XKmsih1ZUdAMLnb1ioRNVcw+PfvR8BHPyyxuP+fZX7+vNcig==",
      "dev": true,
      "requires": {
        "@aws-cdk/aws-iam": "1.62.0",
        "@aws-cdk/aws-kms": "1.62.0",
        "@aws-cdk/aws-logs": "1.62.0",
        "@aws-cdk/core": "1.62.0",
        "constructs": "^3.0.4"
      }
    },
    "@aws-cdk/aws-kms": {
      "version": "1.62.0",
      "resolved": "https://registry.npmjs.org/@aws-cdk/aws-kms/-/aws-kms-1.62.0.tgz",
      "integrity": "sha512-LGEz4AbRMzFBn7Bua6OYmi3FT0O4Nqhm+a8erJJH3nDvjDCg2tkUEyFDgpswDQVZ5lhsbRRc3qt5+1U8HV82zw==",
      "dev": true,
      "requires": {
        "@aws-cdk/aws-iam": "1.62.0",
        "@aws-cdk/core": "1.62.0",
        "constructs": "^3.0.4"
      }
    },
    "@aws-cdk/aws-lambda": {
      "version": "1.62.0",
      "resolved": "https://registry.npmjs.org/@aws-cdk/aws-lambda/-/aws-lambda-1.62.0.tgz",
      "integrity": "sha512-zPaggXhMX1+HBiVsF3jWMvlZ0OL/E0TOsETn0poOcn4on9NOEJz0CRMo4QrzjB8q2XyIWb4Hn0fDrrVAAxawcw==",
      "dev": true,
      "requires": {
        "@aws-cdk/aws-applicationautoscaling": "1.62.0",
        "@aws-cdk/aws-cloudwatch": "1.62.0",
        "@aws-cdk/aws-codeguruprofiler": "1.62.0",
        "@aws-cdk/aws-ec2": "1.62.0",
        "@aws-cdk/aws-efs": "1.62.0",
        "@aws-cdk/aws-events": "1.62.0",
        "@aws-cdk/aws-iam": "1.62.0",
        "@aws-cdk/aws-logs": "1.62.0",
        "@aws-cdk/aws-s3": "1.62.0",
        "@aws-cdk/aws-s3-assets": "1.62.0",
        "@aws-cdk/aws-sqs": "1.62.0",
        "@aws-cdk/core": "1.62.0",
        "@aws-cdk/cx-api": "1.62.0",
        "constructs": "^3.0.4"
      }
    },
    "@aws-cdk/aws-logs": {
      "version": "1.62.0",
      "resolved": "https://registry.npmjs.org/@aws-cdk/aws-logs/-/aws-logs-1.62.0.tgz",
      "integrity": "sha512-s2nXP3SELiWmZ3IrvaEYFQauYqeSwmD3ZW2tC1q3h9qABBG/oAdKYhDGiNy9wZi5x/bfNudF/kQxv9NlsQm3Ig==",
      "dev": true,
      "requires": {
        "@aws-cdk/aws-cloudwatch": "1.62.0",
        "@aws-cdk/aws-iam": "1.62.0",
        "@aws-cdk/aws-s3-assets": "1.62.0",
        "@aws-cdk/core": "1.62.0",
        "constructs": "^3.0.4"
      }
    },
    "@aws-cdk/aws-route53": {
      "version": "1.62.0",
      "resolved": "https://registry.npmjs.org/@aws-cdk/aws-route53/-/aws-route53-1.62.0.tgz",
      "integrity": "sha512-t3DxhlHucMb9egNHYqkrqVKsnEhcWnzmbfjK9Cik+PlHyNElqAvJsl8dZIpxVpJkCWD+XG8S6n8CpIT2LcRabA==",
      "dev": true,
      "requires": {
        "@aws-cdk/aws-ec2": "1.62.0",
        "@aws-cdk/aws-logs": "1.62.0",
        "@aws-cdk/cloud-assembly-schema": "1.62.0",
        "@aws-cdk/core": "1.62.0",
        "constructs": "^3.0.4"
      }
    },
    "@aws-cdk/aws-route53-targets": {
      "version": "1.62.0",
      "resolved": "https://registry.npmjs.org/@aws-cdk/aws-route53-targets/-/aws-route53-targets-1.62.0.tgz",
      "integrity": "sha512-Om4TCwtFZhV0E/f0MGsKZdN3eRn6FEmNJI1pVycYxaRBiShEaPDWC209zxy6UyV5F7mG8AF9w013nXZqCgk4dg==",
      "dev": true,
      "requires": {
        "@aws-cdk/aws-apigateway": "1.62.0",
        "@aws-cdk/aws-cloudfront": "1.62.0",
        "@aws-cdk/aws-cognito": "1.62.0",
        "@aws-cdk/aws-ec2": "1.62.0",
        "@aws-cdk/aws-elasticloadbalancing": "1.62.0",
        "@aws-cdk/aws-elasticloadbalancingv2": "1.62.0",
        "@aws-cdk/aws-iam": "1.62.0",
        "@aws-cdk/aws-route53": "1.62.0",
        "@aws-cdk/aws-s3": "1.62.0",
        "@aws-cdk/core": "1.62.0",
        "@aws-cdk/region-info": "1.62.0",
        "constructs": "^3.0.4"
      }
    },
    "@aws-cdk/aws-s3": {
      "version": "1.62.0",
      "resolved": "https://registry.npmjs.org/@aws-cdk/aws-s3/-/aws-s3-1.62.0.tgz",
      "integrity": "sha512-yxBERTR8UPJUN7F/coUwjJH7S2I6V7bqxaIo4nPk0qrTFO4QohVkligFlmcfVWPBAYga5+0dJT0MoFiNDYBX+g==",
      "dev": true,
      "requires": {
        "@aws-cdk/aws-events": "1.62.0",
        "@aws-cdk/aws-iam": "1.62.0",
        "@aws-cdk/aws-kms": "1.62.0",
        "@aws-cdk/core": "1.62.0",
        "constructs": "^3.0.4"
      }
    },
    "@aws-cdk/aws-s3-assets": {
      "version": "1.62.0",
      "resolved": "https://registry.npmjs.org/@aws-cdk/aws-s3-assets/-/aws-s3-assets-1.62.0.tgz",
      "integrity": "sha512-XW+zzLOVFzs+a99IoERoMHT+1U6BmP8pkI8k1qFmiwQKQipWsswZLNBSzedp6GpaM4dELiZ7bxykHbAIAChgWQ==",
      "dev": true,
      "requires": {
        "@aws-cdk/assets": "1.62.0",
        "@aws-cdk/aws-iam": "1.62.0",
        "@aws-cdk/aws-kms": "1.62.0",
        "@aws-cdk/aws-s3": "1.62.0",
        "@aws-cdk/core": "1.62.0",
        "@aws-cdk/cx-api": "1.62.0",
        "constructs": "^3.0.4"
      }
    },
    "@aws-cdk/aws-sam": {
      "version": "1.62.0",
      "resolved": "https://registry.npmjs.org/@aws-cdk/aws-sam/-/aws-sam-1.62.0.tgz",
      "integrity": "sha512-8igSlNX02Ydc33lr0BlU4cCmzaIHpPN3F0VliC0H8NuCpJAwlJCaUNxWnbDL4m+aP9A3Fvl3EOKUEper+F+Gsw==",
      "dev": true,
      "requires": {
        "@aws-cdk/core": "1.62.0",
        "constructs": "^3.0.4"
      }
    },
    "@aws-cdk/aws-secretsmanager": {
      "version": "1.62.0",
      "resolved": "https://registry.npmjs.org/@aws-cdk/aws-secretsmanager/-/aws-secretsmanager-1.62.0.tgz",
      "integrity": "sha512-6KXFkPoDAn7Paq5sQY2BvoW4fWf3dSk6TPr6XZCNs6Yu25WVYEkC/Hz8JPP3/4jmid/FL1OJ25wEQC2hLn5X0A==",
      "dev": true,
      "requires": {
        "@aws-cdk/aws-ec2": "1.62.0",
        "@aws-cdk/aws-iam": "1.62.0",
        "@aws-cdk/aws-kms": "1.62.0",
        "@aws-cdk/aws-lambda": "1.62.0",
        "@aws-cdk/aws-sam": "1.62.0",
        "@aws-cdk/core": "1.62.0",
        "constructs": "^3.0.4"
      }
    },
    "@aws-cdk/aws-servicecatalog": {
      "version": "1.62.0",
      "resolved": "https://registry.npmjs.org/@aws-cdk/aws-servicecatalog/-/aws-servicecatalog-1.62.0.tgz",
      "integrity": "sha512-kZXB7qmuMAGHQuqqCh9pQtuW9vklzTPHQizWWYxIoVtqmEXY+eyXMeIh/fd/S+kajoJuwIC9rDpJATkNSoGSZg==",
      "dev": true,
      "requires": {
        "@aws-cdk/core": "1.62.0",
        "constructs": "^3.0.4"
      }
    },
    "@aws-cdk/aws-servicediscovery": {
      "version": "1.62.0",
      "resolved": "https://registry.npmjs.org/@aws-cdk/aws-servicediscovery/-/aws-servicediscovery-1.62.0.tgz",
      "integrity": "sha512-e02HMfNYnSHMQCesvvLO2WtvFjFK24ZCcpflwElPQ0/uxWYhOcRnCmwHLd8JVkxfWDe7mnZv9hiaSsVLjZSaBw==",
      "dev": true,
      "requires": {
        "@aws-cdk/aws-ec2": "1.62.0",
        "@aws-cdk/aws-elasticloadbalancingv2": "1.62.0",
        "@aws-cdk/aws-route53": "1.62.0",
        "@aws-cdk/core": "1.62.0",
        "constructs": "^3.0.4"
      }
    },
    "@aws-cdk/aws-sns": {
      "version": "1.62.0",
      "resolved": "https://registry.npmjs.org/@aws-cdk/aws-sns/-/aws-sns-1.62.0.tgz",
      "integrity": "sha512-NCGRq0n9vWmJN4T9IGKFJEFgH3+wDymjhnJp4joZp9OqCVrCT14ZTMBrgV3JghLMFdCz35Zx1m1VUAXtCD3Jsw==",
      "dev": true,
      "requires": {
        "@aws-cdk/aws-cloudwatch": "1.62.0",
        "@aws-cdk/aws-events": "1.62.0",
        "@aws-cdk/aws-iam": "1.62.0",
        "@aws-cdk/aws-kms": "1.62.0",
        "@aws-cdk/aws-sqs": "1.62.0",
        "@aws-cdk/core": "1.62.0",
        "constructs": "^3.0.4"
      }
    },
    "@aws-cdk/aws-sns-subscriptions": {
      "version": "1.62.0",
      "resolved": "https://registry.npmjs.org/@aws-cdk/aws-sns-subscriptions/-/aws-sns-subscriptions-1.62.0.tgz",
      "integrity": "sha512-ryd78dRZDrRC6QeG3TG2TdR5ik1rtU2rC2WA8UNRdutYPf13/Bgnp8/vmhlmvau2xttiqiVoYYDfZfU9USxhQw==",
      "dev": true,
      "requires": {
        "@aws-cdk/aws-iam": "1.62.0",
        "@aws-cdk/aws-lambda": "1.62.0",
        "@aws-cdk/aws-sns": "1.62.0",
        "@aws-cdk/aws-sqs": "1.62.0",
        "@aws-cdk/core": "1.62.0",
        "constructs": "^3.0.4"
      }
    },
    "@aws-cdk/aws-sqs": {
      "version": "1.62.0",
      "resolved": "https://registry.npmjs.org/@aws-cdk/aws-sqs/-/aws-sqs-1.62.0.tgz",
      "integrity": "sha512-AJgiLUFtCJLBGRQvAfdAWwEiMhDr7pN7TOGqYnp+Eq2ZCvVH3Ot2hLPTBFv885E8UhieA8OEnEjiz3kwuSC7DQ==",
      "dev": true,
      "requires": {
        "@aws-cdk/aws-cloudwatch": "1.62.0",
        "@aws-cdk/aws-iam": "1.62.0",
        "@aws-cdk/aws-kms": "1.62.0",
        "@aws-cdk/core": "1.62.0",
        "constructs": "^3.0.4"
      }
    },
    "@aws-cdk/aws-ssm": {
      "version": "1.62.0",
      "resolved": "https://registry.npmjs.org/@aws-cdk/aws-ssm/-/aws-ssm-1.62.0.tgz",
      "integrity": "sha512-CU0E2C7h9QLW32LkFIeDD4+LRuAZA8U5Pi1lgC2S95dP3o+IGUdee//IEoLr8l//EjDWwYS1mhC4ambDLQxmeQ==",
      "dev": true,
      "requires": {
        "@aws-cdk/aws-iam": "1.62.0",
        "@aws-cdk/aws-kms": "1.62.0",
        "@aws-cdk/cloud-assembly-schema": "1.62.0",
        "@aws-cdk/core": "1.62.0",
        "constructs": "^3.0.4"
      }
    },
    "@aws-cdk/aws-stepfunctions": {
      "version": "1.62.0",
      "resolved": "https://registry.npmjs.org/@aws-cdk/aws-stepfunctions/-/aws-stepfunctions-1.62.0.tgz",
      "integrity": "sha512-l8YWSyWEsheejdXMEc/lvtjZ7bCUi//EdHOd1M+TX3M//qfzcmlRfg1Gr9DHI0qKbeJFr4Ik9/DFTvciheUVIQ==",
      "dev": true,
      "requires": {
        "@aws-cdk/aws-cloudwatch": "1.62.0",
        "@aws-cdk/aws-events": "1.62.0",
        "@aws-cdk/aws-iam": "1.62.0",
        "@aws-cdk/aws-logs": "1.62.0",
        "@aws-cdk/core": "1.62.0",
        "constructs": "^3.0.4"
      }
    },
    "@aws-cdk/cloud-assembly-schema": {
      "version": "1.62.0",
      "resolved": "https://registry.npmjs.org/@aws-cdk/cloud-assembly-schema/-/cloud-assembly-schema-1.62.0.tgz",
      "integrity": "sha512-bEXUKIlRxn7be7R4kJ/4G/orI6YNuDeXZ9znIKiUT/xxeiT0Pg96XNsQW6dHTusgkullCTuiYP/EDiaic+8T0A==",
      "dev": true,
      "requires": {
        "jsonschema": "^1.2.5",
        "semver": "^7.2.2"
      },
      "dependencies": {
        "jsonschema": {
          "version": "1.2.6",
          "bundled": true,
          "dev": true
        },
        "semver": {
          "version": "7.3.2",
          "bundled": true,
          "dev": true
        }
      }
    },
    "@aws-cdk/core": {
      "version": "1.62.0",
      "resolved": "https://registry.npmjs.org/@aws-cdk/core/-/core-1.62.0.tgz",
      "integrity": "sha512-TSFSiWLhfxs3lC1YmVL/PjXoWqhh2y2hMDO+2HQXn1dxLj9iwywxUGakewCuW2xsIQkJ+t+IKcjlgrUeUnEMTg==",
      "dev": true,
      "requires": {
        "@aws-cdk/cloud-assembly-schema": "1.62.0",
        "@aws-cdk/cx-api": "1.62.0",
        "constructs": "^3.0.4",
        "fs-extra": "^9.0.1",
        "minimatch": "^3.0.4"
      },
      "dependencies": {
        "at-least-node": {
          "version": "1.0.0",
          "bundled": true,
          "dev": true
        },
        "balanced-match": {
          "version": "1.0.0",
          "bundled": true,
          "dev": true
        },
        "brace-expansion": {
          "version": "1.1.11",
          "bundled": true,
          "dev": true,
          "requires": {
            "balanced-match": "^1.0.0",
            "concat-map": "0.0.1"
          }
        },
        "concat-map": {
          "version": "0.0.1",
          "bundled": true,
          "dev": true
        },
        "fs-extra": {
          "version": "9.0.1",
          "bundled": true,
          "dev": true,
          "requires": {
            "at-least-node": "^1.0.0",
            "graceful-fs": "^4.2.0",
            "jsonfile": "^6.0.1",
            "universalify": "^1.0.0"
          }
        },
        "graceful-fs": {
          "version": "4.2.4",
          "bundled": true,
          "dev": true
        },
        "jsonfile": {
          "version": "6.0.1",
          "bundled": true,
          "dev": true,
          "requires": {
            "graceful-fs": "^4.1.6",
            "universalify": "^1.0.0"
          }
        },
        "minimatch": {
          "version": "3.0.4",
          "bundled": true,
          "dev": true,
          "requires": {
            "brace-expansion": "^1.1.7"
          }
        },
        "universalify": {
          "version": "1.0.0",
          "bundled": true,
          "dev": true
        }
      }
    },
    "@aws-cdk/custom-resources": {
      "version": "1.62.0",
      "resolved": "https://registry.npmjs.org/@aws-cdk/custom-resources/-/custom-resources-1.62.0.tgz",
      "integrity": "sha512-CE7cR+Ybpk/HT4D8BLEvIl2GMzMAfyrq5sPrFZQWkRwHE4tGG8ztsnMnp6/dBJ7ngges2ezckbdVyomfJcVN2g==",
      "dev": true,
      "requires": {
        "@aws-cdk/aws-cloudformation": "1.62.0",
        "@aws-cdk/aws-iam": "1.62.0",
        "@aws-cdk/aws-lambda": "1.62.0",
        "@aws-cdk/aws-logs": "1.62.0",
        "@aws-cdk/aws-sns": "1.62.0",
        "@aws-cdk/core": "1.62.0",
        "constructs": "^3.0.4"
      }
    },
    "@aws-cdk/cx-api": {
      "version": "1.62.0",
      "resolved": "https://registry.npmjs.org/@aws-cdk/cx-api/-/cx-api-1.62.0.tgz",
      "integrity": "sha512-qyT/TnbO14z14mDly1jgeuFtVRYHwId5ZDJIsGOCsJJNXU9QpaElB9uD+qS1vB6Y/VI6KJTogBh45KW337BaEg==",
      "dev": true,
      "requires": {
        "@aws-cdk/cloud-assembly-schema": "1.62.0",
        "semver": "^7.2.2"
      },
      "dependencies": {
        "semver": {
          "version": "7.3.2",
          "bundled": true,
          "dev": true
        }
      }
    },
    "@aws-cdk/pipelines": {
      "version": "1.62.0",
      "resolved": "https://registry.npmjs.org/@aws-cdk/pipelines/-/pipelines-1.62.0.tgz",
      "integrity": "sha512-KAB5BI8dhCQP+gN14BRpMPghXrOVR7yMnDDbdgEwnW0dg9726V3oY+KjCc/5kJuGCR9US5NdM+/gXrfcFOGqlA==",
      "dev": true,
      "requires": {
        "@aws-cdk/aws-cloudformation": "1.62.0",
        "@aws-cdk/aws-codebuild": "1.62.0",
        "@aws-cdk/aws-codepipeline": "1.62.0",
        "@aws-cdk/aws-codepipeline-actions": "1.62.0",
        "@aws-cdk/aws-events": "1.62.0",
        "@aws-cdk/aws-iam": "1.62.0",
        "@aws-cdk/aws-s3-assets": "1.62.0",
        "@aws-cdk/cloud-assembly-schema": "1.62.0",
        "@aws-cdk/core": "1.62.0",
        "@aws-cdk/cx-api": "1.62.0",
        "constructs": "^3.0.4"
      }
    },
    "@aws-cdk/region-info": {
      "version": "1.62.0",
      "resolved": "https://registry.npmjs.org/@aws-cdk/region-info/-/region-info-1.62.0.tgz",
      "integrity": "sha512-2vfbtgXax5f/LKe+C5SJ/qYizgnSJOorCULxbJVn27SJYgn3fVL0aRc/afYzYq558qhvxlhVWQYagKa2T1AMDg==",
      "dev": true
    },
    "constructs": {
      "version": "3.0.4",
      "resolved": "https://registry.npmjs.org/constructs/-/constructs-3.0.4.tgz",
      "integrity": "sha512-CDvg7gMjphE3DFX4pzkF6j73NREbR8npPFW8Mx/CLRnMR035+Y1o1HrXIsNSss/dq3ZUnNTU9jKyd3fL9EOlfw==",
      "dev": true
    }
  }
}
