{
  "name": "@saasmanual/shared-infrastructure",
  "version": "1.0.0",
  "lockfileVersion": 1,
  "requires": true,
  "dependencies": {
    "@aws-cdk/assets": {
      "version": "1.75.0",
      "resolved": "https://registry.npmjs.org/@aws-cdk/assets/-/assets-1.75.0.tgz",
      "integrity": "sha512-KIW9cLyJ5fVfkGyxiyDbfmFyijNducYiSQMs6drxjk0Ae+ydWjkvsinozcXHeo2vW2h1kAANHdH/d8ipzSMjJQ==",
      "dev": true,
      "requires": {
        "@aws-cdk/core": "1.75.0",
        "@aws-cdk/cx-api": "1.75.0",
        "constructs": "^3.2.0"
      }
    },
    "@aws-cdk/aws-apigateway": {
      "version": "1.75.0",
      "resolved": "https://registry.npmjs.org/@aws-cdk/aws-apigateway/-/aws-apigateway-1.75.0.tgz",
      "integrity": "sha512-GWi+/AoSnIcwpKrsz4+l1gEnn2Kdsf1hsPAU8YYXDkATH/5YdGdioGIWJnq+Gop/JiQigvEJlB8sNwwaQn8sOQ==",
      "dev": true,
      "requires": {
        "@aws-cdk/assets": "1.75.0",
        "@aws-cdk/aws-certificatemanager": "1.75.0",
        "@aws-cdk/aws-cloudwatch": "1.75.0",
        "@aws-cdk/aws-ec2": "1.75.0",
        "@aws-cdk/aws-elasticloadbalancingv2": "1.75.0",
        "@aws-cdk/aws-iam": "1.75.0",
        "@aws-cdk/aws-lambda": "1.75.0",
        "@aws-cdk/aws-logs": "1.75.0",
        "@aws-cdk/aws-s3": "1.75.0",
        "@aws-cdk/aws-s3-assets": "1.75.0",
        "@aws-cdk/core": "1.75.0",
        "@aws-cdk/cx-api": "1.75.0",
        "constructs": "^3.2.0"
      }
    },
    "@aws-cdk/aws-apigatewayv2": {
      "version": "1.75.0",
      "resolved": "https://registry.npmjs.org/@aws-cdk/aws-apigatewayv2/-/aws-apigatewayv2-1.75.0.tgz",
      "integrity": "sha512-vF6va/al6OS8KSK34VrRMmsHU0PBcYl3X0FiUtmLlhbDJx8R6/2BwvPNnJ5T0uqfEnibDjGP65+hwHNoc2deIA==",
      "dev": true,
      "requires": {
        "@aws-cdk/aws-certificatemanager": "1.75.0",
        "@aws-cdk/aws-cloudwatch": "1.75.0",
        "@aws-cdk/aws-ec2": "1.75.0",
        "@aws-cdk/aws-iam": "1.75.0",
        "@aws-cdk/core": "1.75.0",
        "constructs": "^3.2.0"
      }
    },
    "@aws-cdk/aws-applicationautoscaling": {
      "version": "1.75.0",
      "resolved": "https://registry.npmjs.org/@aws-cdk/aws-applicationautoscaling/-/aws-applicationautoscaling-1.75.0.tgz",
      "integrity": "sha512-0koG/9LaTytttTKFXTWjEWlq8R/uVTONaz2XCKkI2jOFHDCH5iWQPgaxSHzxz+gY8IoYOX8+8BRUbQ8SeSoyvQ==",
      "dev": true,
      "requires": {
        "@aws-cdk/aws-autoscaling-common": "1.75.0",
        "@aws-cdk/aws-cloudwatch": "1.75.0",
        "@aws-cdk/aws-iam": "1.75.0",
        "@aws-cdk/core": "1.75.0",
        "constructs": "^3.2.0"
      }
    },
    "@aws-cdk/aws-autoscaling": {
      "version": "1.75.0",
      "resolved": "https://registry.npmjs.org/@aws-cdk/aws-autoscaling/-/aws-autoscaling-1.75.0.tgz",
      "integrity": "sha512-eIAYI8j1vqMWOrY0VSXfuaUPIA3aHe4meUVK3OYMyO61tmdHc8Q8xIiuOo2nVpmEwhmB2pQTvBNNQGsjO5wWkQ==",
      "dev": true,
      "requires": {
        "@aws-cdk/aws-autoscaling-common": "1.75.0",
        "@aws-cdk/aws-cloudwatch": "1.75.0",
        "@aws-cdk/aws-ec2": "1.75.0",
        "@aws-cdk/aws-elasticloadbalancing": "1.75.0",
        "@aws-cdk/aws-elasticloadbalancingv2": "1.75.0",
        "@aws-cdk/aws-iam": "1.75.0",
        "@aws-cdk/aws-sns": "1.75.0",
        "@aws-cdk/core": "1.75.0",
        "constructs": "^3.2.0"
      }
    },
    "@aws-cdk/aws-autoscaling-common": {
      "version": "1.75.0",
      "resolved": "https://registry.npmjs.org/@aws-cdk/aws-autoscaling-common/-/aws-autoscaling-common-1.75.0.tgz",
      "integrity": "sha512-YyiJx4DxqtaTK+DrcgR4vQ/ipFPTK5hQmEhTtt+u6BAmWlMgVzqJF7ELFva6jVSKZp+GbyvrtT25Lv3nxbJi6w==",
      "dev": true,
      "requires": {
        "@aws-cdk/aws-iam": "1.75.0",
        "@aws-cdk/core": "1.75.0",
        "constructs": "^3.2.0"
      }
    },
    "@aws-cdk/aws-autoscaling-hooktargets": {
      "version": "1.75.0",
      "resolved": "https://registry.npmjs.org/@aws-cdk/aws-autoscaling-hooktargets/-/aws-autoscaling-hooktargets-1.75.0.tgz",
      "integrity": "sha512-c0Vh4JFMiUDnBEcV5SicXz5LOnWbUgRmlqi1WBEc65BvPOAoKL7Xxx9Ahl8phyftIvq3F6o2M4VU7XpwkfgFFg==",
      "dev": true,
      "requires": {
        "@aws-cdk/aws-autoscaling": "1.75.0",
        "@aws-cdk/aws-iam": "1.75.0",
        "@aws-cdk/aws-kms": "1.75.0",
        "@aws-cdk/aws-lambda": "1.75.0",
        "@aws-cdk/aws-sns": "1.75.0",
        "@aws-cdk/aws-sns-subscriptions": "1.75.0",
        "@aws-cdk/aws-sqs": "1.75.0",
        "@aws-cdk/core": "1.75.0",
        "constructs": "^3.2.0"
      }
    },
    "@aws-cdk/aws-batch": {
      "version": "1.75.0",
      "resolved": "https://registry.npmjs.org/@aws-cdk/aws-batch/-/aws-batch-1.75.0.tgz",
      "integrity": "sha512-eUQasuJbmHsR4zYtMv7uM52BnwgV9e3nqlGJxLIRZPJ3ei9SmeeqS1qdCL7I9bI4tFyVMCf/HWbFd4e/NfgxzA==",
      "dev": true,
      "requires": {
        "@aws-cdk/aws-ec2": "1.75.0",
        "@aws-cdk/aws-ecr": "1.75.0",
        "@aws-cdk/aws-ecs": "1.75.0",
        "@aws-cdk/aws-iam": "1.75.0",
        "@aws-cdk/core": "1.75.0",
        "constructs": "^3.2.0"
      }
    },
    "@aws-cdk/aws-certificatemanager": {
      "version": "1.75.0",
      "resolved": "https://registry.npmjs.org/@aws-cdk/aws-certificatemanager/-/aws-certificatemanager-1.75.0.tgz",
      "integrity": "sha512-OyEEI7DSLoqjpPDigOfxng7h9W7JPY9xB/4H8jmZ0BlR+TqFTyp3wv+cx50q2vfIWCOXF1b2UjbESDdQ2XoZJQ==",
      "dev": true,
      "requires": {
        "@aws-cdk/aws-iam": "1.75.0",
        "@aws-cdk/aws-lambda": "1.75.0",
        "@aws-cdk/aws-route53": "1.75.0",
        "@aws-cdk/core": "1.75.0",
        "constructs": "^3.2.0"
      }
    },
    "@aws-cdk/aws-cloudformation": {
      "version": "1.75.0",
      "resolved": "https://registry.npmjs.org/@aws-cdk/aws-cloudformation/-/aws-cloudformation-1.75.0.tgz",
      "integrity": "sha512-fv3i6eH4wxXQKXwwRzGenhSsmyKfdIaWwBMtkNx4DT8U37cTj8weTa2JQfGZFNCDO/oQlV+lCeL7NwR5Igb6TQ==",
      "dev": true,
      "requires": {
        "@aws-cdk/aws-iam": "1.75.0",
        "@aws-cdk/aws-lambda": "1.75.0",
        "@aws-cdk/aws-s3": "1.75.0",
        "@aws-cdk/aws-sns": "1.75.0",
        "@aws-cdk/core": "1.75.0",
        "@aws-cdk/cx-api": "1.75.0",
        "constructs": "^3.2.0"
      }
    },
    "@aws-cdk/aws-cloudfront": {
      "version": "1.75.0",
      "resolved": "https://registry.npmjs.org/@aws-cdk/aws-cloudfront/-/aws-cloudfront-1.75.0.tgz",
      "integrity": "sha512-78qe8B0YccIT7wrZEuaik165AuBlTY4jx65bQ3hmf1MWVzQgChk8ZKiaCCqM0kawstPO54oyqBb4ByqN72OfMg==",
      "dev": true,
      "requires": {
        "@aws-cdk/aws-certificatemanager": "1.75.0",
        "@aws-cdk/aws-iam": "1.75.0",
        "@aws-cdk/aws-kms": "1.75.0",
        "@aws-cdk/aws-lambda": "1.75.0",
        "@aws-cdk/aws-s3": "1.75.0",
        "@aws-cdk/core": "1.75.0",
        "constructs": "^3.2.0"
      }
    },
    "@aws-cdk/aws-cloudwatch": {
      "version": "1.75.0",
      "resolved": "https://registry.npmjs.org/@aws-cdk/aws-cloudwatch/-/aws-cloudwatch-1.75.0.tgz",
      "integrity": "sha512-jqIcyg8YxjhZRQ642K/ApKY6JaQtHWwXmLiHko+SCMHG6yUYS3xupzopGuC0GhsjKgwkP6ZzYXJpaZEqez9aHQ==",
      "dev": true,
      "requires": {
        "@aws-cdk/aws-iam": "1.75.0",
        "@aws-cdk/core": "1.75.0",
        "constructs": "^3.2.0"
      }
    },
    "@aws-cdk/aws-codebuild": {
      "version": "1.75.0",
      "resolved": "https://registry.npmjs.org/@aws-cdk/aws-codebuild/-/aws-codebuild-1.75.0.tgz",
      "integrity": "sha512-oJbx7nny+xuBJwwYUVpvE37rLI5Dh2shaQbfFEIp0fjcYB7yz+r3aV3lP7pymr5m0nHxQnI8/o+iJY0VwE6RUw==",
      "dev": true,
      "requires": {
        "@aws-cdk/assets": "1.75.0",
        "@aws-cdk/aws-cloudwatch": "1.75.0",
        "@aws-cdk/aws-codecommit": "1.75.0",
        "@aws-cdk/aws-ec2": "1.75.0",
        "@aws-cdk/aws-ecr": "1.75.0",
        "@aws-cdk/aws-ecr-assets": "1.75.0",
        "@aws-cdk/aws-events": "1.75.0",
        "@aws-cdk/aws-iam": "1.75.0",
        "@aws-cdk/aws-kms": "1.75.0",
        "@aws-cdk/aws-logs": "1.75.0",
        "@aws-cdk/aws-s3": "1.75.0",
        "@aws-cdk/aws-s3-assets": "1.75.0",
        "@aws-cdk/aws-secretsmanager": "1.75.0",
        "@aws-cdk/core": "1.75.0",
        "@aws-cdk/region-info": "1.75.0",
        "constructs": "^3.2.0"
      }
    },
    "@aws-cdk/aws-codecommit": {
      "version": "1.75.0",
      "resolved": "https://registry.npmjs.org/@aws-cdk/aws-codecommit/-/aws-codecommit-1.75.0.tgz",
      "integrity": "sha512-5OpCMvExdTjm92YynWOFfT8EwcVrmzx36I3EqIdg3k6hXxE10NQz2uQjh5doRTl9xaxT3UyPM73Jm5LnAbYz6A==",
      "dev": true,
      "requires": {
        "@aws-cdk/aws-events": "1.75.0",
        "@aws-cdk/aws-iam": "1.75.0",
        "@aws-cdk/core": "1.75.0",
        "constructs": "^3.2.0"
      }
    },
    "@aws-cdk/aws-codedeploy": {
      "version": "1.75.0",
      "resolved": "https://registry.npmjs.org/@aws-cdk/aws-codedeploy/-/aws-codedeploy-1.75.0.tgz",
      "integrity": "sha512-6l/E7MboprDRcWS2XHToRFrEYx9z61efQCEHqhyBte7tOxbSvsE+015XJdQz3fNJ2Uh34kKj+p4XVajYvA3h7Q==",
      "dev": true,
      "requires": {
        "@aws-cdk/aws-autoscaling": "1.75.0",
        "@aws-cdk/aws-cloudwatch": "1.75.0",
        "@aws-cdk/aws-ec2": "1.75.0",
        "@aws-cdk/aws-elasticloadbalancing": "1.75.0",
        "@aws-cdk/aws-elasticloadbalancingv2": "1.75.0",
        "@aws-cdk/aws-iam": "1.75.0",
        "@aws-cdk/aws-lambda": "1.75.0",
        "@aws-cdk/aws-s3": "1.75.0",
        "@aws-cdk/core": "1.75.0",
        "@aws-cdk/custom-resources": "1.75.0",
        "constructs": "^3.2.0"
      }
    },
    "@aws-cdk/aws-codeguruprofiler": {
      "version": "1.75.0",
      "resolved": "https://registry.npmjs.org/@aws-cdk/aws-codeguruprofiler/-/aws-codeguruprofiler-1.75.0.tgz",
      "integrity": "sha512-WXUCDuFwm2rYA+/E+Ja9vuOUdRgSIu8fnh13RaDWO+zLH5MTc02WiPi7rLjat5gzjA1QQ2cVzZLsorCNqywcOQ==",
      "dev": true,
      "requires": {
        "@aws-cdk/aws-iam": "1.75.0",
        "@aws-cdk/core": "1.75.0",
        "constructs": "^3.2.0"
      }
    },
    "@aws-cdk/aws-codepipeline": {
      "version": "1.75.0",
      "resolved": "https://registry.npmjs.org/@aws-cdk/aws-codepipeline/-/aws-codepipeline-1.75.0.tgz",
      "integrity": "sha512-eqr63HSSarR1fJ/7kZik2pxq8hiO05+iiXseLyKjeNetfnJFokj6qvuZu5kHHXZMefn0AGAzjhaD4SUeIljr8g==",
      "dev": true,
      "requires": {
        "@aws-cdk/aws-events": "1.75.0",
        "@aws-cdk/aws-iam": "1.75.0",
        "@aws-cdk/aws-kms": "1.75.0",
        "@aws-cdk/aws-s3": "1.75.0",
        "@aws-cdk/core": "1.75.0",
        "constructs": "^3.2.0"
      }
    },
    "@aws-cdk/aws-codepipeline-actions": {
      "version": "1.75.0",
      "resolved": "https://registry.npmjs.org/@aws-cdk/aws-codepipeline-actions/-/aws-codepipeline-actions-1.75.0.tgz",
      "integrity": "sha512-XK21PGQhG7/kQwwblFoLZVrxbTba6uMY10zNftt0STpRXdTTwLNurYzhyiqmz7ZL3URVMHGsQoopRiQUwdnUSw==",
      "dev": true,
      "requires": {
        "@aws-cdk/aws-cloudformation": "1.75.0",
        "@aws-cdk/aws-codebuild": "1.75.0",
        "@aws-cdk/aws-codecommit": "1.75.0",
        "@aws-cdk/aws-codedeploy": "1.75.0",
        "@aws-cdk/aws-codepipeline": "1.75.0",
        "@aws-cdk/aws-ec2": "1.75.0",
        "@aws-cdk/aws-ecr": "1.75.0",
        "@aws-cdk/aws-ecs": "1.75.0",
        "@aws-cdk/aws-events": "1.75.0",
        "@aws-cdk/aws-events-targets": "1.75.0",
        "@aws-cdk/aws-iam": "1.75.0",
        "@aws-cdk/aws-lambda": "1.75.0",
        "@aws-cdk/aws-s3": "1.75.0",
        "@aws-cdk/aws-servicecatalog": "1.75.0",
        "@aws-cdk/aws-sns": "1.75.0",
        "@aws-cdk/aws-sns-subscriptions": "1.75.0",
        "@aws-cdk/aws-stepfunctions": "1.75.0",
        "@aws-cdk/core": "1.75.0",
        "case": "1.6.3",
        "constructs": "^3.2.0"
      },
      "dependencies": {
        "case": {
          "version": "1.6.3",
          "bundled": true,
          "dev": true
        }
      }
    },
    "@aws-cdk/aws-cognito": {
      "version": "1.75.0",
      "resolved": "https://registry.npmjs.org/@aws-cdk/aws-cognito/-/aws-cognito-1.75.0.tgz",
      "integrity": "sha512-Nc4N/lGZ/0T3Gs+DN3Z5/We8A/0gp6nhnhNgUeVTHL/sZ5g8qTKlje418nI7rjvEk6H7silNwGGclFq66EkzFg==",
      "dev": true,
      "requires": {
        "@aws-cdk/aws-certificatemanager": "1.75.0",
        "@aws-cdk/aws-iam": "1.75.0",
        "@aws-cdk/aws-lambda": "1.75.0",
        "@aws-cdk/core": "1.75.0",
        "@aws-cdk/custom-resources": "1.75.0",
        "constructs": "^3.2.0",
        "punycode": "^2.1.1"
      },
      "dependencies": {
        "punycode": {
          "version": "2.1.1",
          "bundled": true,
          "dev": true
        }
      }
    },
    "@aws-cdk/aws-ec2": {
      "version": "1.75.0",
      "resolved": "https://registry.npmjs.org/@aws-cdk/aws-ec2/-/aws-ec2-1.75.0.tgz",
      "integrity": "sha512-rfdOzCM1URIDcach1ygRpjUDr4O00k4WSm2LqnXW94/izJU+kLILo5a84rgLoBQH6CI95lLdSIsawBrexAJXow==",
      "dev": true,
      "requires": {
        "@aws-cdk/aws-cloudwatch": "1.75.0",
        "@aws-cdk/aws-iam": "1.75.0",
        "@aws-cdk/aws-kms": "1.75.0",
        "@aws-cdk/aws-logs": "1.75.0",
        "@aws-cdk/aws-s3": "1.75.0",
        "@aws-cdk/aws-s3-assets": "1.75.0",
        "@aws-cdk/aws-ssm": "1.75.0",
        "@aws-cdk/cloud-assembly-schema": "1.75.0",
        "@aws-cdk/core": "1.75.0",
        "@aws-cdk/cx-api": "1.75.0",
        "@aws-cdk/region-info": "1.75.0",
        "constructs": "^3.2.0"
      }
    },
    "@aws-cdk/aws-ecr": {
      "version": "1.75.0",
      "resolved": "https://registry.npmjs.org/@aws-cdk/aws-ecr/-/aws-ecr-1.75.0.tgz",
      "integrity": "sha512-Nf9pFVQcbicGzFOI+Bf9xQXFPtnuwTVJIj8RdI7aM6adHF0tiLVOyt7W8177ce5ImJoOtwsa5LzPYyNsBIjDRQ==",
      "dev": true,
      "requires": {
        "@aws-cdk/aws-events": "1.75.0",
        "@aws-cdk/aws-iam": "1.75.0",
        "@aws-cdk/core": "1.75.0",
        "constructs": "^3.2.0"
      }
    },
    "@aws-cdk/aws-ecr-assets": {
      "version": "1.75.0",
      "resolved": "https://registry.npmjs.org/@aws-cdk/aws-ecr-assets/-/aws-ecr-assets-1.75.0.tgz",
      "integrity": "sha512-EnyLVRw3g/8Ebnd9zSP1SyTAzVFWKiVIRkFbg6OGu1l5qKiUEvfK+9g/tabZtqENTBEjIDOFIjgZdGlTLNZw3g==",
      "dev": true,
      "requires": {
        "@aws-cdk/assets": "1.75.0",
        "@aws-cdk/aws-ecr": "1.75.0",
        "@aws-cdk/aws-iam": "1.75.0",
        "@aws-cdk/aws-s3": "1.75.0",
        "@aws-cdk/core": "1.75.0",
        "@aws-cdk/cx-api": "1.75.0",
        "constructs": "^3.2.0",
        "minimatch": "^3.0.4"
      },
      "dependencies": {
        "balanced-match": {
          "version": "1.0.0",
          "bundled": true,
          "dev": true
        },
        "brace-expansion": {
          "version": "1.1.11",
          "bundled": true,
          "dev": true,
          "requires": {
            "balanced-match": "^1.0.0",
            "concat-map": "0.0.1"
          }
        },
        "concat-map": {
          "version": "0.0.1",
          "bundled": true,
          "dev": true
        },
        "minimatch": {
          "version": "3.0.4",
          "bundled": true,
          "dev": true,
          "requires": {
            "brace-expansion": "^1.1.7"
          }
        }
      }
    },
    "@aws-cdk/aws-ecs": {
      "version": "1.75.0",
      "resolved": "https://registry.npmjs.org/@aws-cdk/aws-ecs/-/aws-ecs-1.75.0.tgz",
      "integrity": "sha512-yy4Iwb3dmEHQTcdcu9mqKumHYQOtGr44w0vaMFH+bTQs96lnmJGEEytzh90vf92pYerHC8CyHZk5vl0aTSKcIw==",
      "dev": true,
      "requires": {
        "@aws-cdk/aws-applicationautoscaling": "1.75.0",
        "@aws-cdk/aws-autoscaling": "1.75.0",
        "@aws-cdk/aws-autoscaling-hooktargets": "1.75.0",
        "@aws-cdk/aws-certificatemanager": "1.75.0",
        "@aws-cdk/aws-cloudwatch": "1.75.0",
        "@aws-cdk/aws-ec2": "1.75.0",
        "@aws-cdk/aws-ecr": "1.75.0",
        "@aws-cdk/aws-ecr-assets": "1.75.0",
        "@aws-cdk/aws-elasticloadbalancing": "1.75.0",
        "@aws-cdk/aws-elasticloadbalancingv2": "1.75.0",
        "@aws-cdk/aws-iam": "1.75.0",
        "@aws-cdk/aws-kms": "1.75.0",
        "@aws-cdk/aws-lambda": "1.75.0",
        "@aws-cdk/aws-logs": "1.75.0",
        "@aws-cdk/aws-route53": "1.75.0",
        "@aws-cdk/aws-route53-targets": "1.75.0",
        "@aws-cdk/aws-s3": "1.75.0",
        "@aws-cdk/aws-s3-assets": "1.75.0",
        "@aws-cdk/aws-secretsmanager": "1.75.0",
        "@aws-cdk/aws-servicediscovery": "1.75.0",
        "@aws-cdk/aws-sns": "1.75.0",
        "@aws-cdk/aws-sqs": "1.75.0",
        "@aws-cdk/aws-ssm": "1.75.0",
        "@aws-cdk/core": "1.75.0",
        "@aws-cdk/cx-api": "1.75.0",
        "constructs": "^3.2.0"
      }
    },
    "@aws-cdk/aws-efs": {
      "version": "1.75.0",
      "resolved": "https://registry.npmjs.org/@aws-cdk/aws-efs/-/aws-efs-1.75.0.tgz",
      "integrity": "sha512-k/tCHvkELzyeNfY+Lwow652dn5cueUDYP5bjM0IZQ42kT6u5Bl8W6IRVq50MGNHGx/37haNX2UIqtdvTnN7w0A==",
      "dev": true,
      "requires": {
        "@aws-cdk/aws-ec2": "1.75.0",
        "@aws-cdk/aws-kms": "1.75.0",
        "@aws-cdk/cloud-assembly-schema": "1.75.0",
        "@aws-cdk/core": "1.75.0",
        "@aws-cdk/cx-api": "1.75.0",
        "constructs": "^3.2.0"
      }
    },
    "@aws-cdk/aws-elasticloadbalancing": {
      "version": "1.75.0",
      "resolved": "https://registry.npmjs.org/@aws-cdk/aws-elasticloadbalancing/-/aws-elasticloadbalancing-1.75.0.tgz",
      "integrity": "sha512-uG4WrVKBvJOxCY+1sqBiQguF0jQpPHM9Y0llrzAFG4dCWRP5tQzrnw39HJKtOtb3jsMs41kkos8873bfmYwVGw==",
      "dev": true,
      "requires": {
        "@aws-cdk/aws-ec2": "1.75.0",
        "@aws-cdk/core": "1.75.0",
        "constructs": "^3.2.0"
      }
    },
    "@aws-cdk/aws-elasticloadbalancingv2": {
      "version": "1.75.0",
      "resolved": "https://registry.npmjs.org/@aws-cdk/aws-elasticloadbalancingv2/-/aws-elasticloadbalancingv2-1.75.0.tgz",
      "integrity": "sha512-rQiM1HXY8eg/XXvCMPKnilSprTJOG+/irJASaVBL1eiNNrb91pMOAfIp/u7gBDlpCbCICCA4f5G6yOF5vcYSlg==",
      "dev": true,
      "requires": {
        "@aws-cdk/aws-certificatemanager": "1.75.0",
        "@aws-cdk/aws-cloudwatch": "1.75.0",
        "@aws-cdk/aws-ec2": "1.75.0",
        "@aws-cdk/aws-iam": "1.75.0",
        "@aws-cdk/aws-lambda": "1.75.0",
        "@aws-cdk/aws-s3": "1.75.0",
        "@aws-cdk/cloud-assembly-schema": "1.75.0",
        "@aws-cdk/core": "1.75.0",
        "@aws-cdk/cx-api": "1.75.0",
        "@aws-cdk/region-info": "1.75.0",
        "constructs": "^3.2.0"
      }
    },
    "@aws-cdk/aws-events": {
      "version": "1.75.0",
      "resolved": "https://registry.npmjs.org/@aws-cdk/aws-events/-/aws-events-1.75.0.tgz",
      "integrity": "sha512-SAAya1UC4Wbj1rLtCDgAIsa/TibteILmHEtMQYTrNIxsY+726xliFm5BlngatbQZZyFg8V16oHbL7t0mGroqPA==",
      "dev": true,
      "requires": {
        "@aws-cdk/aws-iam": "1.75.0",
        "@aws-cdk/core": "1.75.0",
        "constructs": "^3.2.0"
      }
    },
    "@aws-cdk/aws-events-targets": {
      "version": "1.75.0",
      "resolved": "https://registry.npmjs.org/@aws-cdk/aws-events-targets/-/aws-events-targets-1.75.0.tgz",
      "integrity": "sha512-nCpj0G+FWHUAXyBX8dByW5jOSmHs7l5Bv6UAUbaFlfT529cfAs7P9UDaDC9xM6AmjyFpWUmcGTT7q0zR1fVWbQ==",
      "dev": true,
      "requires": {
        "@aws-cdk/aws-batch": "1.75.0",
        "@aws-cdk/aws-codebuild": "1.75.0",
        "@aws-cdk/aws-codepipeline": "1.75.0",
        "@aws-cdk/aws-ec2": "1.75.0",
        "@aws-cdk/aws-ecs": "1.75.0",
        "@aws-cdk/aws-events": "1.75.0",
        "@aws-cdk/aws-iam": "1.75.0",
        "@aws-cdk/aws-kinesis": "1.75.0",
        "@aws-cdk/aws-kinesisfirehose": "1.75.0",
        "@aws-cdk/aws-lambda": "1.75.0",
        "@aws-cdk/aws-logs": "1.75.0",
        "@aws-cdk/aws-sns": "1.75.0",
        "@aws-cdk/aws-sns-subscriptions": "1.75.0",
        "@aws-cdk/aws-sqs": "1.75.0",
        "@aws-cdk/aws-stepfunctions": "1.75.0",
        "@aws-cdk/core": "1.75.0",
        "@aws-cdk/custom-resources": "1.75.0",
        "constructs": "^3.2.0"
      }
    },
    "@aws-cdk/aws-iam": {
      "version": "1.75.0",
      "resolved": "https://registry.npmjs.org/@aws-cdk/aws-iam/-/aws-iam-1.75.0.tgz",
      "integrity": "sha512-yTxQlr3ZfsA93zB6+jQSiwlRLwWNsIIONDB9vzn83X0oxcjaFIghENJ9YjzwtPCQbD5L1r/NDwn7ZW0VEwlgtg==",
      "dev": true,
      "requires": {
        "@aws-cdk/core": "1.75.0",
        "@aws-cdk/region-info": "1.75.0",
        "constructs": "^3.2.0"
      }
    },
    "@aws-cdk/aws-kinesis": {
      "version": "1.75.0",
      "resolved": "https://registry.npmjs.org/@aws-cdk/aws-kinesis/-/aws-kinesis-1.75.0.tgz",
      "integrity": "sha512-77z1vzzMTKiNKJwHpFUX45QUrSO8t3v5DM8dSrWTbC9yNsoZXhGUNodAOFygUgoX1PkJxyJpEGXPWELsoj0OZA==",
      "dev": true,
      "requires": {
        "@aws-cdk/aws-iam": "1.75.0",
        "@aws-cdk/aws-kms": "1.75.0",
        "@aws-cdk/aws-logs": "1.75.0",
        "@aws-cdk/core": "1.75.0",
        "constructs": "^3.2.0"
      }
    },
    "@aws-cdk/aws-kinesisfirehose": {
      "version": "1.75.0",
      "resolved": "https://registry.npmjs.org/@aws-cdk/aws-kinesisfirehose/-/aws-kinesisfirehose-1.75.0.tgz",
      "integrity": "sha512-hW4kHHenfxsQJ5V7Eh+myK8PLYqkV9pkjeUk7QRPtewf4zKJz6lWTqXyNlUFXxciyLFb8lE0N1LH1HSUHlzq5A==",
      "dev": true,
      "requires": {
        "@aws-cdk/core": "1.75.0",
        "constructs": "^3.2.0"
      }
    },
    "@aws-cdk/aws-kms": {
      "version": "1.75.0",
      "resolved": "https://registry.npmjs.org/@aws-cdk/aws-kms/-/aws-kms-1.75.0.tgz",
      "integrity": "sha512-UckWCc9u3Ft+6uv+U693NoazYweUq+VTMg1R9aMIw4ieHVNg+AFQzSZL+Et5X1788Cb69GTem0wTTIiRiVlwpg==",
      "dev": true,
      "requires": {
        "@aws-cdk/aws-iam": "1.75.0",
        "@aws-cdk/core": "1.75.0",
        "constructs": "^3.2.0"
      }
    },
    "@aws-cdk/aws-lambda": {
      "version": "1.75.0",
      "resolved": "https://registry.npmjs.org/@aws-cdk/aws-lambda/-/aws-lambda-1.75.0.tgz",
      "integrity": "sha512-tvdUZT5f+jJvBHLUvP5u9Vm79pcN6d+5w83h2vFC3WJ7A0hMfglbOFpwwPbpBvq6cn6ZqmlkRjSc5XQKmDVJqw==",
      "dev": true,
      "requires": {
        "@aws-cdk/aws-applicationautoscaling": "1.75.0",
        "@aws-cdk/aws-cloudwatch": "1.75.0",
        "@aws-cdk/aws-codeguruprofiler": "1.75.0",
        "@aws-cdk/aws-ec2": "1.75.0",
        "@aws-cdk/aws-efs": "1.75.0",
        "@aws-cdk/aws-events": "1.75.0",
        "@aws-cdk/aws-iam": "1.75.0",
        "@aws-cdk/aws-logs": "1.75.0",
        "@aws-cdk/aws-s3": "1.75.0",
        "@aws-cdk/aws-s3-assets": "1.75.0",
        "@aws-cdk/aws-sqs": "1.75.0",
        "@aws-cdk/core": "1.75.0",
        "@aws-cdk/cx-api": "1.75.0",
        "constructs": "^3.2.0"
      }
    },
    "@aws-cdk/aws-logs": {
      "version": "1.75.0",
      "resolved": "https://registry.npmjs.org/@aws-cdk/aws-logs/-/aws-logs-1.75.0.tgz",
      "integrity": "sha512-zVgnlieNpHJ1oW2z7q+6uope10x7yGVwKCiwyrlIDSKZqB54ayrt2EXoXaZwbXn7LQ4yRQu4ip/GhHhn0UfQoQ==",
      "dev": true,
      "requires": {
        "@aws-cdk/aws-cloudwatch": "1.75.0",
        "@aws-cdk/aws-iam": "1.75.0",
        "@aws-cdk/aws-kms": "1.75.0",
        "@aws-cdk/aws-s3-assets": "1.75.0",
        "@aws-cdk/core": "1.75.0",
        "constructs": "^3.2.0"
      }
    },
    "@aws-cdk/aws-route53": {
      "version": "1.75.0",
      "resolved": "https://registry.npmjs.org/@aws-cdk/aws-route53/-/aws-route53-1.75.0.tgz",
      "integrity": "sha512-Uxarp1xESVKaRAhoj/g9RCGSmS08tyFyKYzUYRuey5sHGa96W2sOqXFHTAEGturwYkYOh2b9dNId1Shm1NITQA==",
      "dev": true,
      "requires": {
        "@aws-cdk/aws-ec2": "1.75.0",
        "@aws-cdk/aws-logs": "1.75.0",
        "@aws-cdk/cloud-assembly-schema": "1.75.0",
        "@aws-cdk/core": "1.75.0",
        "constructs": "^3.2.0"
      }
    },
    "@aws-cdk/aws-route53-targets": {
      "version": "1.75.0",
      "resolved": "https://registry.npmjs.org/@aws-cdk/aws-route53-targets/-/aws-route53-targets-1.75.0.tgz",
      "integrity": "sha512-ldatf4AHB6KgpWTl5H2daPsBNPjruhooLKYFi35Vp2F//sHIalq2JRZ16pf/zg/aSyi6CN2RgCJoSVayi3esqQ==",
      "dev": true,
      "requires": {
        "@aws-cdk/aws-apigateway": "1.75.0",
        "@aws-cdk/aws-apigatewayv2": "1.75.0",
        "@aws-cdk/aws-cloudfront": "1.75.0",
        "@aws-cdk/aws-cognito": "1.75.0",
        "@aws-cdk/aws-ec2": "1.75.0",
        "@aws-cdk/aws-elasticloadbalancing": "1.75.0",
        "@aws-cdk/aws-elasticloadbalancingv2": "1.75.0",
        "@aws-cdk/aws-iam": "1.75.0",
        "@aws-cdk/aws-route53": "1.75.0",
        "@aws-cdk/aws-s3": "1.75.0",
        "@aws-cdk/core": "1.75.0",
        "@aws-cdk/region-info": "1.75.0",
        "constructs": "^3.2.0"
      }
    },
    "@aws-cdk/aws-s3": {
      "version": "1.75.0",
      "resolved": "https://registry.npmjs.org/@aws-cdk/aws-s3/-/aws-s3-1.75.0.tgz",
      "integrity": "sha512-0agdQ+XOEM+iT/8O0+WrEKU+kqrHj4gKUjSyJ1W3LkFldoCrxRXNZidV4VsWn2F++lUKVQLIZOxQVUX+bIzJPw==",
      "dev": true,
      "requires": {
        "@aws-cdk/aws-events": "1.75.0",
        "@aws-cdk/aws-iam": "1.75.0",
        "@aws-cdk/aws-kms": "1.75.0",
        "@aws-cdk/core": "1.75.0",
        "constructs": "^3.2.0"
      }
    },
    "@aws-cdk/aws-s3-assets": {
      "version": "1.75.0",
      "resolved": "https://registry.npmjs.org/@aws-cdk/aws-s3-assets/-/aws-s3-assets-1.75.0.tgz",
      "integrity": "sha512-BhXDpiHR78AWpk5M6xT/pVV4gK4tZ5EWEuIQPbH0OHscW6VrygfOmxiVoHFbkpC5RNjgpbgx8kqwzLJXD6pCwg==",
      "dev": true,
      "requires": {
        "@aws-cdk/assets": "1.75.0",
        "@aws-cdk/aws-iam": "1.75.0",
        "@aws-cdk/aws-kms": "1.75.0",
        "@aws-cdk/aws-s3": "1.75.0",
        "@aws-cdk/core": "1.75.0",
        "@aws-cdk/cx-api": "1.75.0",
        "constructs": "^3.2.0"
      }
    },
    "@aws-cdk/aws-sam": {
      "version": "1.75.0",
      "resolved": "https://registry.npmjs.org/@aws-cdk/aws-sam/-/aws-sam-1.75.0.tgz",
      "integrity": "sha512-kwBPz0kg6KyLoRl/G1BZ9Mv1KHJHukk7dGAI2qlDonk5fa0uQ2VkO6kHkSDVt1Wn2fZE/I/gIj54SzcsMqBiJg==",
      "dev": true,
      "requires": {
        "@aws-cdk/core": "1.75.0",
        "constructs": "^3.2.0"
      }
    },
    "@aws-cdk/aws-secretsmanager": {
      "version": "1.75.0",
      "resolved": "https://registry.npmjs.org/@aws-cdk/aws-secretsmanager/-/aws-secretsmanager-1.75.0.tgz",
      "integrity": "sha512-tITgjwyxZoOaaYHnfLY6AB/XdOvnrw7pcTOOK6QBhwq2ufDgae3QMBv1CZHw2XaV8QBBd5DIJXNeuPQm/jwG4g==",
      "dev": true,
      "requires": {
        "@aws-cdk/aws-ec2": "1.75.0",
        "@aws-cdk/aws-iam": "1.75.0",
        "@aws-cdk/aws-kms": "1.75.0",
        "@aws-cdk/aws-lambda": "1.75.0",
        "@aws-cdk/aws-sam": "1.75.0",
        "@aws-cdk/core": "1.75.0",
        "constructs": "^3.2.0"
      }
    },
    "@aws-cdk/aws-servicecatalog": {
      "version": "1.75.0",
      "resolved": "https://registry.npmjs.org/@aws-cdk/aws-servicecatalog/-/aws-servicecatalog-1.75.0.tgz",
      "integrity": "sha512-0Ei++VbGPFeXGvzLdcKl8DxAxMPoKG3Qi/fuik58AoJ3fu2+rYBhM1MeOuB6KdctIbZptqxKH/IoBItSmhmqNA==",
      "dev": true,
      "requires": {
        "@aws-cdk/core": "1.75.0",
        "constructs": "^3.2.0"
      }
    },
    "@aws-cdk/aws-servicediscovery": {
      "version": "1.75.0",
      "resolved": "https://registry.npmjs.org/@aws-cdk/aws-servicediscovery/-/aws-servicediscovery-1.75.0.tgz",
      "integrity": "sha512-/Kql+lcG2VuBqyMT4jBT3qJmeHrAo3/oA5iMOSctEYS1ZHbswC3dEIcBA3mEdxWqqh0nkCV3LknEgstckce2+g==",
      "dev": true,
      "requires": {
        "@aws-cdk/aws-ec2": "1.75.0",
        "@aws-cdk/aws-elasticloadbalancingv2": "1.75.0",
        "@aws-cdk/aws-route53": "1.75.0",
        "@aws-cdk/core": "1.75.0",
        "constructs": "^3.2.0"
      }
    },
    "@aws-cdk/aws-sns": {
      "version": "1.75.0",
      "resolved": "https://registry.npmjs.org/@aws-cdk/aws-sns/-/aws-sns-1.75.0.tgz",
      "integrity": "sha512-VEWeoYHlz016blXgZEwphV57tc3Xp+CYHh+SjfDijIFgQG45tM8X5KNMJFnlzJB44bif091aFWgTSmMJIrvH+g==",
      "dev": true,
      "requires": {
        "@aws-cdk/aws-cloudwatch": "1.75.0",
        "@aws-cdk/aws-events": "1.75.0",
        "@aws-cdk/aws-iam": "1.75.0",
        "@aws-cdk/aws-kms": "1.75.0",
        "@aws-cdk/aws-sqs": "1.75.0",
        "@aws-cdk/core": "1.75.0",
        "constructs": "^3.2.0"
      }
    },
    "@aws-cdk/aws-sns-subscriptions": {
      "version": "1.75.0",
      "resolved": "https://registry.npmjs.org/@aws-cdk/aws-sns-subscriptions/-/aws-sns-subscriptions-1.75.0.tgz",
      "integrity": "sha512-uSnIOmDErQQFrR8wXUq81V4bISrHVBgUvl1nM+KxDIQSNRhGUZ3FW0cb8+dMyZvr4qk84qsDnHWktKx9cknvQg==",
      "dev": true,
      "requires": {
        "@aws-cdk/aws-iam": "1.75.0",
        "@aws-cdk/aws-lambda": "1.75.0",
        "@aws-cdk/aws-sns": "1.75.0",
        "@aws-cdk/aws-sqs": "1.75.0",
        "@aws-cdk/core": "1.75.0",
        "constructs": "^3.2.0"
      }
    },
    "@aws-cdk/aws-sqs": {
      "version": "1.75.0",
      "resolved": "https://registry.npmjs.org/@aws-cdk/aws-sqs/-/aws-sqs-1.75.0.tgz",
      "integrity": "sha512-X4gc0cZkNGQ6Q5WMBqnrZLSwR2fyDvRM7CdkiF22/EpSo5anF/2ENTCCXS8KiNwsUvl4bzKhuRLWWTJRrN6JWQ==",
      "dev": true,
      "requires": {
        "@aws-cdk/aws-cloudwatch": "1.75.0",
        "@aws-cdk/aws-iam": "1.75.0",
        "@aws-cdk/aws-kms": "1.75.0",
        "@aws-cdk/core": "1.75.0",
        "constructs": "^3.2.0"
      }
    },
    "@aws-cdk/aws-ssm": {
      "version": "1.75.0",
      "resolved": "https://registry.npmjs.org/@aws-cdk/aws-ssm/-/aws-ssm-1.75.0.tgz",
      "integrity": "sha512-PcwqWShivuaLUoP9BTALNyMdkacjxvMohPqTWswDeAJ3Ryo+oE9qF0bnwwSbjfAsYCOBb3IZBiFsNEzIrGQw6Q==",
      "dev": true,
      "requires": {
        "@aws-cdk/aws-iam": "1.75.0",
        "@aws-cdk/aws-kms": "1.75.0",
        "@aws-cdk/cloud-assembly-schema": "1.75.0",
        "@aws-cdk/core": "1.75.0",
        "constructs": "^3.2.0"
      }
    },
    "@aws-cdk/aws-stepfunctions": {
      "version": "1.75.0",
      "resolved": "https://registry.npmjs.org/@aws-cdk/aws-stepfunctions/-/aws-stepfunctions-1.75.0.tgz",
      "integrity": "sha512-seqP2tWi+V+P0DhxOFjzNobaWe4RhrSkyDZz2xYYoQWiczgYSdKmSOV9e+aBlkmdJ9XzHy2ymNjWcA1DFk+Yxg==",
      "dev": true,
      "requires": {
        "@aws-cdk/aws-cloudwatch": "1.75.0",
        "@aws-cdk/aws-events": "1.75.0",
        "@aws-cdk/aws-iam": "1.75.0",
        "@aws-cdk/aws-logs": "1.75.0",
        "@aws-cdk/core": "1.75.0",
        "constructs": "^3.2.0"
      }
    },
    "@aws-cdk/cloud-assembly-schema": {
      "version": "1.75.0",
      "resolved": "https://registry.npmjs.org/@aws-cdk/cloud-assembly-schema/-/cloud-assembly-schema-1.75.0.tgz",
      "integrity": "sha512-THnTab/XfPcXVMmUTtpZYZpV/OH7fjxaDXZsYjhVxfcNVjxzaMXUllwCGbmIAa4l15pEe+nlh6dQr1cPIuTzSg==",
      "dev": true,
      "requires": {
        "jsonschema": "^1.4.0",
        "semver": "^7.3.2"
      },
      "dependencies": {
        "jsonschema": {
          "version": "1.4.0",
          "bundled": true,
          "dev": true
        },
        "semver": {
          "version": "7.3.2",
          "bundled": true,
          "dev": true
        }
      }
    },
    "@aws-cdk/core": {
      "version": "1.75.0",
      "resolved": "https://registry.npmjs.org/@aws-cdk/core/-/core-1.75.0.tgz",
      "integrity": "sha512-CVHoOCraglhdoL7EXiCrZ3aPPr+TCalDyF6R5quh+lDeBPRuXF+ddfGFh2nhusyEtLtuJgxqTMp/OMIPKh+Smg==",
      "dev": true,
      "requires": {
        "@aws-cdk/cloud-assembly-schema": "1.75.0",
        "@aws-cdk/cx-api": "1.75.0",
        "@aws-cdk/region-info": "1.75.0",
        "@balena/dockerignore": "^1.0.2",
        "constructs": "^3.2.0",
        "fs-extra": "^9.0.1",
        "ignore": "^5.1.8",
        "minimatch": "^3.0.4"
      },
      "dependencies": {
        "@balena/dockerignore": {
          "version": "1.0.2",
          "bundled": true,
          "dev": true
        },
        "at-least-node": {
          "version": "1.0.0",
          "bundled": true,
          "dev": true
        },
        "balanced-match": {
          "version": "1.0.0",
          "bundled": true,
          "dev": true
        },
        "brace-expansion": {
          "version": "1.1.11",
          "bundled": true,
          "dev": true,
          "requires": {
            "balanced-match": "^1.0.0",
            "concat-map": "0.0.1"
          }
        },
        "concat-map": {
          "version": "0.0.1",
          "bundled": true,
          "dev": true
        },
        "fs-extra": {
          "version": "9.0.1",
          "bundled": true,
          "dev": true,
          "requires": {
            "at-least-node": "^1.0.0",
            "graceful-fs": "^4.2.0",
            "jsonfile": "^6.0.1",
            "universalify": "^1.0.0"
          }
        },
        "graceful-fs": {
          "version": "4.2.4",
          "bundled": true,
          "dev": true
        },
        "ignore": {
          "version": "5.1.8",
          "bundled": true,
          "dev": true
        },
        "jsonfile": {
          "version": "6.0.1",
          "bundled": true,
          "dev": true,
          "requires": {
            "graceful-fs": "^4.1.6",
            "universalify": "^1.0.0"
          }
        },
        "minimatch": {
          "version": "3.0.4",
          "bundled": true,
          "dev": true,
          "requires": {
            "brace-expansion": "^1.1.7"
          }
        },
        "universalify": {
          "version": "1.0.0",
          "bundled": true,
          "dev": true
        }
      }
    },
    "@aws-cdk/custom-resources": {
      "version": "1.75.0",
      "resolved": "https://registry.npmjs.org/@aws-cdk/custom-resources/-/custom-resources-1.75.0.tgz",
      "integrity": "sha512-dHNm7/yg2Zp4E7QWJLqnDs6hw1IAAp5QybvMInFB0/4Xn3SEOo3CTWNGRGlrYqkjgvBz2uoH8Mez3IqGKRC4hQ==",
      "dev": true,
      "requires": {
        "@aws-cdk/aws-cloudformation": "1.75.0",
        "@aws-cdk/aws-iam": "1.75.0",
        "@aws-cdk/aws-lambda": "1.75.0",
        "@aws-cdk/aws-logs": "1.75.0",
        "@aws-cdk/aws-sns": "1.75.0",
        "@aws-cdk/core": "1.75.0",
        "constructs": "^3.2.0"
      }
    },
    "@aws-cdk/cx-api": {
      "version": "1.75.0",
      "resolved": "https://registry.npmjs.org/@aws-cdk/cx-api/-/cx-api-1.75.0.tgz",
      "integrity": "sha512-PjeJb2Jcj/kREc/fbEQXSdQnvoemnIY7IEjy0itVoDY2ZIJo3v/6mnXtKJX3h0td5bt6OTQPMXUzkeua0xsjvg==",
      "dev": true,
      "requires": {
        "@aws-cdk/cloud-assembly-schema": "1.75.0",
        "semver": "^7.3.2"
      },
      "dependencies": {
        "semver": {
          "version": "7.3.2",
          "bundled": true,
          "dev": true
        }
      }
    },
    "@aws-cdk/pipelines": {
      "version": "1.75.0",
      "resolved": "https://registry.npmjs.org/@aws-cdk/pipelines/-/pipelines-1.75.0.tgz",
      "integrity": "sha512-tP2+p4Slfw6gdMzXmspNBpBCdL12+sWwBQ94phG8SQesuaFnEL3dVYVKIAE7pgClEIGZ9dZw4JUIa8UuuOs07Q==",
      "dev": true,
      "requires": {
        "@aws-cdk/aws-cloudformation": "1.75.0",
        "@aws-cdk/aws-codebuild": "1.75.0",
        "@aws-cdk/aws-codepipeline": "1.75.0",
        "@aws-cdk/aws-codepipeline-actions": "1.75.0",
        "@aws-cdk/aws-ec2": "1.75.0",
        "@aws-cdk/aws-events": "1.75.0",
        "@aws-cdk/aws-iam": "1.75.0",
        "@aws-cdk/aws-s3-assets": "1.75.0",
        "@aws-cdk/cloud-assembly-schema": "1.75.0",
        "@aws-cdk/core": "1.75.0",
        "@aws-cdk/cx-api": "1.75.0",
        "constructs": "^3.2.0"
      }
    },
    "@aws-cdk/region-info": {
      "version": "1.75.0",
      "resolved": "https://registry.npmjs.org/@aws-cdk/region-info/-/region-info-1.75.0.tgz",
      "integrity": "sha512-hMwQgTXtFUNROOnBH42FKskWcWssGeAK/jzbk+IByC7gxrW8UPcbUFRV9cr6YdcB1W3neE66EI5nQPwDeVFvnA==",
      "dev": true
    },
    "constructs": {
      "version": "3.2.42",
      "resolved": "https://registry.npmjs.org/constructs/-/constructs-3.2.42.tgz",
      "integrity": "sha512-kqIwmxzM1ekuuwgNqVAW0qkkU++ImrQo388UcXXEpo4iX+FMRsJv+iHykT3U5HdSALov2y/uFJW3pUNwNspKIw==",
      "dev": true
    }
  }
}
